
Microsoft Visual Studio Solution File, Format Version 12.00
# Visual Studio 15
VisualStudioVersion = 15.0.26730.16
MinimumVisualStudioVersion = 10.0.40219.1
Project("{FAE04EC0-301F-11D3-BF4B-00C04F79EFBC}") = "YazLab1", "YazLab1\YazLab1.csproj", "{1BBD5AE8-3376-4BF9-92EB-2A848D891AF3}"
EndProject
Global
	GlobalSection(SolutionConfigurationPlatforms) = preSolution
		Debug|Any CPU = Debug|Any CPU
		Release|Any CPU = Release|Any CPU
	EndGlobalSection
	GlobalSection(ProjectConfigurationPlatforms) = postSolution
		{1BBD5AE8-3376-4BF9-92EB-2A848D891AF3}.Debug|Any CPU.ActiveCfg = Debug|Any CPU
		{1BBD5AE8-3376-4BF9-92EB-2A848D891AF3}.Debug|Any CPU.Build.0 = Debug|Any CPU
		{1BBD5AE8-3376-4BF9-92EB-2A848D891AF3}.Release|Any CPU.ActiveCfg = Release|Any CPU
		{1BBD5AE8-3376-4BF9-92EB-2A848D891AF3}.Release|Any CPU.Build.0 = Release|Any CPU
	EndGlobalSection
	GlobalSection(SolutionProperties) = preSolution
		HideSolutionNode = FALSE
	EndGlobalSection
	GlobalSection(ExtensibilityGlobals) = postSolution
		SolutionGuid = {2E03BF7D-671C-4FDA-80F9-795D9D3D7580}
	EndGlobalSection
EndGlobal
